// !$*UTF8*$!
{
	archiveVersion = 1;
	classes = {
	};
	objectVersion = 50;
	objects = {

/* Begin PBXBuildFile section */
		8607A6A123FEF68000A83498 /* AppDelegate.swift in Sources */ = {isa = PBXBuildFile; fileRef = 8607A6A023FEF68000A83498 /* AppDelegate.swift */; };
		8607A6A323FEF68000A83498 /* SceneDelegate.swift in Sources */ = {isa = PBXBuildFile; fileRef = 8607A6A223FEF68000A83498 /* SceneDelegate.swift */; };
		8607A6A523FEF68000A83498 /* ViewController.swift in Sources */ = {isa = PBXBuildFile; fileRef = 8607A6A423FEF68000A83498 /* ViewController.swift */; };
		8607A6A823FEF68000A83498 /* Main.storyboard in Resources */ = {isa = PBXBuildFile; fileRef = 8607A6A623FEF68000A83498 /* Main.storyboard */; };
		8607A6AA23FEF68000A83498 /* Assets.xcassets in Resources */ = {isa = PBXBuildFile; fileRef = 8607A6A923FEF68000A83498 /* Assets.xcassets */; };
		8607A6AD23FEF68000A83498 /* LaunchScreen.storyboard in Resources */ = {isa = PBXBuildFile; fileRef = 8607A6AB23FEF68000A83498 /* LaunchScreen.storyboard */; };
		8607A6B823FEF68100A83498 /* InstagramTests.swift in Sources */ = {isa = PBXBuildFile; fileRef = 8607A6B723FEF68100A83498 /* InstagramTests.swift */; };
		8607A6C323FEF68100A83498 /* InstagramUITests.swift in Sources */ = {isa = PBXBuildFile; fileRef = 8607A6C223FEF68100A83498 /* InstagramUITests.swift */; };
/* End PBXBuildFile section */

/* Begin PBXContainerItemProxy section */
		8607A6B423FEF68100A83498 /* PBXContainerItemProxy */ = {
			isa = PBXContainerItemProxy;
			containerPortal = 8607A69523FEF67F00A83498 /* Project object */;
			proxyType = 1;
			remoteGlobalIDString = 8607A69C23FEF67F00A83498;
			remoteInfo = Instagram;
		};
		8607A6BF23FEF68100A83498 /* PBXContainerItemProxy */ = {
			isa = PBXContainerItemProxy;
			containerPortal = 8607A69523FEF67F00A83498 /* Project object */;
			proxyType = 1;
			remoteGlobalIDString = 8607A69C23FEF67F00A83498;
			remoteInfo = Instagram;
		};
/* End PBXContainerItemProxy section */

/* Begin PBXFileReference section */
		8607A69D23FEF68000A83498 /* Instagram.app */ = {isa = PBXFileReference; explicitFileType = wrapper.application; includeInIndex = 0; path = Instagram.app; sourceTree = BUILT_PRODUCTS_DIR; };
		8607A6A023FEF68000A83498 /* AppDelegate.swift */ = {isa = PBXFileReference; lastKnownFileType = sourcecode.swift; path = AppDelegate.swift; sourceTree = "<group>"; };
		8607A6A223FEF68000A83498 /* SceneDelegate.swift */ = {isa = PBXFileReference; lastKnownFileType = sourcecode.swift; path = SceneDelegate.swift; sourceTree = "<group>"; };
		8607A6A423FEF68000A83498 /* ViewController.swift */ = {isa = PBXFileReference; lastKnownFileType = sourcecode.swift; path = ViewController.swift; sourceTree = "<group>"; };
		8607A6A723FEF68000A83498 /* Base */ = {isa = PBXFileReference; lastKnownFileType = file.storyboard; name = Base; path = Base.lproj/Main.storyboard; sourceTree = "<group>"; };
		8607A6A923FEF68000A83498 /* Assets.xcassets */ = {isa = PBXFileReference; lastKnownFileType = folder.assetcatalog; path = Assets.xcassets; sourceTree = "<group>"; };
		8607A6AC23FEF68000A83498 /* Base */ = {isa = PBXFileReference; lastKnownFileType = file.storyboard; name = Base; path = Base.lproj/LaunchScreen.storyboard; sourceTree = "<group>"; };
		8607A6AE23FEF68000A83498 /* Info.plist */ = {isa = PBXFileReference; lastKnownFileType = text.plist.xml; path = Info.plist; sourceTree = "<group>"; };
		8607A6B323FEF68100A83498 /* InstagramTests.xctest */ = {isa = PBXFileReference; explicitFileType = wrapper.cfbundle; includeInIndex = 0; path = InstagramTests.xctest; sourceTree = BUILT_PRODUCTS_DIR; };
		8607A6B723FEF68100A83498 /* InstagramTests.swift */ = {isa = PBXFileReference; lastKnownFileType = sourcecode.swift; path = InstagramTests.swift; sourceTree = "<group>"; };
		8607A6B923FEF68100A83498 /* Info.plist */ = {isa = PBXFileReference; lastKnownFileType = text.plist.xml; path = Info.plist; sourceTree = "<group>"; };
		8607A6BE23FEF68100A83498 /* InstagramUITests.xctest */ = {isa = PBXFileReference; explicitFileType = wrapper.cfbundle; includeInIndex = 0; path = InstagramUITests.xctest; sourceTree = BUILT_PRODUCTS_DIR; };
		8607A6C223FEF68100A83498 /* InstagramUITests.swift */ = {isa = PBXFileReference; lastKnownFileType = sourcecode.swift; path = InstagramUITests.swift; sourceTree = "<group>"; };
		8607A6C423FEF68100A83498 /* Info.plist */ = {isa = PBXFileReference; lastKnownFileType = text.plist.xml; path = Info.plist; sourceTree = "<group>"; };
/* End PBXFileReference section */

/* Begin PBXFrameworksBuildPhase section */
		8607A69A23FEF67F00A83498 /* Frameworks */ = {
			isa = PBXFrameworksBuildPhase;
			buildActionMask = 2147483647;
			files = (
			);
			runOnlyForDeploymentPostprocessing = 0;
		};
		8607A6B023FEF68100A83498 /* Frameworks */ = {
			isa = PBXFrameworksBuildPhase;
			buildActionMask = 2147483647;
			files = (
			);
			runOnlyForDeploymentPostprocessing = 0;
		};
		8607A6BB23FEF68100A83498 /* Frameworks */ = {
			isa = PBXFrameworksBuildPhase;
			buildActionMask = 2147483647;
			files = (
			);
			runOnlyForDeploymentPostprocessing = 0;
		};
/* End PBXFrameworksBuildPhase section */

/* Begin PBXGroup section */
		8607A69423FEF67F00A83498 = {
			isa = PBXGroup;
			children = (
				8607A69F23FEF68000A83498 /* Instagram */,
				8607A6B623FEF68100A83498 /* InstagramTests */,
				8607A6C123FEF68100A83498 /* InstagramUITests */,
				8607A69E23FEF68000A83498 /* Products */,
			);
			sourceTree = "<group>";
		};
		8607A69E23FEF68000A83498 /* Products */ = {
			isa = PBXGroup;
			children = (
				8607A69D23FEF68000A83498 /* Instagram.app */,
				8607A6B323FEF68100A83498 /* InstagramTests.xctest */,
				8607A6BE23FEF68100A83498 /* InstagramUITests.xctest */,
			);
			name = Products;
			sourceTree = "<group>";
		};
		8607A69F23FEF68000A83498 /* Instagram */ = {
			isa = PBXGroup;
			children = (
				8607A6A023FEF68000A83498 /* AppDelegate.swift */,
				8607A6A223FEF68000A83498 /* SceneDelegate.swift */,
				8607A6A423FEF68000A83498 /* ViewController.swift */,
				8607A6A623FEF68000A83498 /* Main.storyboard */,
				8607A6A923FEF68000A83498 /* Assets.xcassets */,
				8607A6AB23FEF68000A83498 /* LaunchScreen.storyboard */,
				8607A6AE23FEF68000A83498 /* Info.plist */,
			);
			path = Instagram;
			sourceTree = "<group>";
		};
		8607A6B623FEF68100A83498 /* InstagramTests */ = {
			isa = PBXGroup;
			children = (
				8607A6B723FEF68100A83498 /* InstagramTests.swift */,
				8607A6B923FEF68100A83498 /* Info.plist */,
			);
			path = InstagramTests;
			sourceTree = "<group>";
		};
		8607A6C123FEF68100A83498 /* InstagramUITests */ = {
			isa = PBXGroup;
			children = (
				8607A6C223FEF68100A83498 /* InstagramUITests.swift */,
				8607A6C423FEF68100A83498 /* Info.plist */,
			);
			path = InstagramUITests;
			sourceTree = "<group>";
		};
/* End PBXGroup section */

/* Begin PBXNativeTarget section */
		8607A69C23FEF67F00A83498 /* Instagram */ = {
			isa = PBXNativeTarget;
			buildConfigurationList = 8607A6C723FEF68100A83498 /* Build configuration list for PBXNativeTarget "Instagram" */;
			buildPhases = (
				8607A69923FEF67F00A83498 /* Sources */,
				8607A69A23FEF67F00A83498 /* Frameworks */,
				8607A69B23FEF67F00A83498 /* Resources */,
			);
			buildRules = (
			);
			dependencies = (
			);
			name = Instagram;
			productName = Instagram;
			productReference = 8607A69D23FEF68000A83498 /* Instagram.app */;
			productType = "com.apple.product-type.application";
		};
		8607A6B223FEF68100A83498 /* InstagramTests */ = {
			isa = PBXNativeTarget;
			buildConfigurationList = 8607A6CA23FEF68100A83498 /* Build configuration list for PBXNativeTarget "InstagramTests" */;
			buildPhases = (
				8607A6AF23FEF68100A83498 /* Sources */,
				8607A6B023FEF68100A83498 /* Frameworks */,
				8607A6B123FEF68100A83498 /* Resources */,
			);
			buildRules = (
			);
			dependencies = (
				8607A6B523FEF68100A83498 /* PBXTargetDependency */,
			);
			name = InstagramTests;
			productName = InstagramTests;
			productReference = 8607A6B323FEF68100A83498 /* InstagramTests.xctest */;
			productType = "com.apple.product-type.bundle.unit-test";
		};
		8607A6BD23FEF68100A83498 /* InstagramUITests */ = {
			isa = PBXNativeTarget;
			buildConfigurationList = 8607A6CD23FEF68100A83498 /* Build configuration list for PBXNativeTarget "InstagramUITests" */;
			buildPhases = (
				8607A6BA23FEF68100A83498 /* Sources */,
				8607A6BB23FEF68100A83498 /* Frameworks */,
				8607A6BC23FEF68100A83498 /* Resources */,
			);
			buildRules = (
			);
			dependencies = (
				8607A6C023FEF68100A83498 /* PBXTargetDependency */,
			);
			name = InstagramUITests;
			productName = InstagramUITests;
			productReference = 8607A6BE23FEF68100A83498 /* InstagramUITests.xctest */;
			productType = "com.apple.product-type.bundle.ui-testing";
		};
/* End PBXNativeTarget section */

/* Begin PBXProject section */
		8607A69523FEF67F00A83498 /* Project object */ = {
			isa = PBXProject;
			attributes = {
				LastSwiftUpdateCheck = 1130;
				LastUpgradeCheck = 1130;
				ORGANIZATIONNAME = codepath;
				TargetAttributes = {
					8607A69C23FEF67F00A83498 = {
						CreatedOnToolsVersion = 11.3.1;
					};
					8607A6B223FEF68100A83498 = {
						CreatedOnToolsVersion = 11.3.1;
						TestTargetID = 8607A69C23FEF67F00A83498;
					};
					8607A6BD23FEF68100A83498 = {
						CreatedOnToolsVersion = 11.3.1;
						TestTargetID = 8607A69C23FEF67F00A83498;
					};
				};
			};
			buildConfigurationList = 8607A69823FEF67F00A83498 /* Build configuration list for PBXProject "Instagram" */;
			compatibilityVersion = "Xcode 9.3";
			developmentRegion = en;
			hasScannedForEncodings = 0;
			knownRegions = (
				en,
				Base,
			);
			mainGroup = 8607A69423FEF67F00A83498;
			productRefGroup = 8607A69E23FEF68000A83498 /* Products */;
			projectDirPath = "";
			projectRoot = "";
			targets = (
				8607A69C23FEF67F00A83498 /* Instagram */,
				8607A6B223FEF68100A83498 /* InstagramTests */,
				8607A6BD23FEF68100A83498 /* InstagramUITests */,
			);
		};
/* End PBXProject section */

/* Begin PBXResourcesBuildPhase section */
		8607A69B23FEF67F00A83498 /* Resources */ = {
			isa = PBXResourcesBuildPhase;
			buildActionMask = 2147483647;
			files = (
				8607A6AD23FEF68000A83498 /* LaunchScreen.storyboard in Resources */,
				8607A6AA23FEF68000A83498 /* Assets.xcassets in Resources */,
				8607A6A823FEF68000A83498 /* Main.storyboard in Resources */,
			);
			runOnlyForDeploymentPostprocessing = 0;
		};
		8607A6B123FEF68100A83498 /* Resources */ = {
			isa = PBXResourcesBuildPhase;
			buildActionMask = 2147483647;
			files = (
			);
			runOnlyForDeploymentPostprocessing = 0;
		};
		8607A6BC23FEF68100A83498 /* Resources */ = {
			isa = PBXResourcesBuildPhase;
			buildActionMask = 2147483647;
			files = (
			);
			runOnlyForDeploymentPostprocessing = 0;
		};
/* End PBXResourcesBuildPhase section */

/* Begin PBXSourcesBuildPhase section */
		8607A69923FEF67F00A83498 /* Sources */ = {
			isa = PBXSourcesBuildPhase;
			buildActionMask = 2147483647;
			files = (
				8607A6A523FEF68000A83498 /* ViewController.swift in Sources */,
				8607A6A123FEF68000A83498 /* AppDelegate.swift in Sources */,
				8607A6A323FEF68000A83498 /* SceneDelegate.swift in Sources */,
			);
			runOnlyForDeploymentPostprocessing = 0;
		};
		8607A6AF23FEF68100A83498 /* Sources */ = {
			isa = PBXSourcesBuildPhase;
			buildActionMask = 2147483647;
			files = (
				8607A6B823FEF68100A83498 /* InstagramTests.swift in Sources */,
			);
			runOnlyForDeploymentPostprocessing = 0;
		};
		8607A6BA23FEF68100A83498 /* Sources */ = {
			isa = PBXSourcesBuildPhase;
			buildActionMask = 2147483647;
			files = (
				8607A6C323FEF68100A83498 /* InstagramUITests.swift in Sources */,
			);
			runOnlyForDeploymentPostprocessing = 0;
		};
/* End PBXSourcesBuildPhase section */

/* Begin PBXTargetDependency section */
		8607A6B523FEF68100A83498 /* PBXTargetDependency */ = {
			isa = PBXTargetDependency;
			target = 8607A69C23FEF67F00A83498 /* Instagram */;
			targetProxy = 8607A6B423FEF68100A83498 /* PBXContainerItemProxy */;
		};
		8607A6C023FEF68100A83498 /* PBXTargetDependency */ = {
			isa = PBXTargetDependency;
			target = 8607A69C23FEF67F00A83498 /* Instagram */;
			targetProxy = 8607A6BF23FEF68100A83498 /* PBXContainerItemProxy */;
		};
/* End PBXTargetDependency section */

/* Begin PBXVariantGroup section */
		8607A6A623FEF68000A83498 /* Main.storyboard */ = {
			isa = PBXVariantGroup;
			children = (
				8607A6A723FEF68000A83498 /* Base */,
			);
			name = Main.storyboard;
			sourceTree = "<group>";
		};
		8607A6AB23FEF68000A83498 /* LaunchScreen.storyboard */ = {
			isa = PBXVariantGroup;
			children = (
				8607A6AC23FEF68000A83498 /* Base */,
			);
			name = LaunchScreen.storyboard;
			sourceTree = "<group>";
		};
/* End PBXVariantGroup section */

/* Begin XCBuildConfiguration section */
		8607A6C523FEF68100A83498 /* Debug */ = {
			isa = XCBuildConfiguration;
			buildSettings = {
				ALWAYS_SEARCH_USER_PATHS = NO;
				CLANG_ANALYZER_NONNULL = YES;
				CLANG_ANALYZER_NUMBER_OBJECT_CONVERSION = YES_AGGRESSIVE;
				CLANG_CXX_LANGUAGE_STANDARD = "gnu++14";
				CLANG_CXX_LIBRARY = "libc++";
				CLANG_ENABLE_MODULES = YES;
				CLANG_ENABLE_OBJC_ARC = YES;
				CLANG_ENABLE_OBJC_WEAK = YES;
				CLANG_WARN_BLOCK_CAPTURE_AUTORELEASING = YES;
				CLANG_WARN_BOOL_CONVERSION = YES;
				CLANG_WARN_COMMA = YES;
				CLANG_WARN_CONSTANT_CONVERSION = YES;
				CLANG_WARN_DEPRECATED_OBJC_IMPLEMENTATIONS = YES;
				CLANG_WARN_DIRECT_OBJC_ISA_USAGE = YES_ERROR;
				CLANG_WARN_DOCUMENTATION_COMMENTS = YES;
				CLANG_WARN_EMPTY_BODY = YES;
				CLANG_WARN_ENUM_CONVERSION = YES;
				CLANG_WARN_INFINITE_RECURSION = YES;
				CLANG_WARN_INT_CONVERSION = YES;
				CLANG_WARN_NON_LITERAL_NULL_CONVERSION = YES;
				CLANG_WARN_OBJC_IMPLICIT_RETAIN_SELF = YES;
				CLANG_WARN_OBJC_LITERAL_CONVERSION = YES;
				CLANG_WARN_OBJC_ROOT_CLASS = YES_ERROR;
				CLANG_WARN_RANGE_LOOP_ANALYSIS = YES;
				CLANG_WARN_STRICT_PROTOTYPES = YES;
				CLANG_WARN_SUSPICIOUS_MOVE = YES;
				CLANG_WARN_UNGUARDED_AVAILABILITY = YES_AGGRESSIVE;
				CLANG_WARN_UNREACHABLE_CODE = YES;
				CLANG_WARN__DUPLICATE_METHOD_MATCH = YES;
				COPY_PHASE_STRIP = NO;
				DEBUG_INFORMATION_FORMAT = dwarf;
				ENABLE_STRICT_OBJC_MSGSEND = YES;
				ENABLE_TESTABILITY = YES;
				GCC_C_LANGUAGE_STANDARD = gnu11;
				GCC_DYNAMIC_NO_PIC = NO;
				GCC_NO_COMMON_BLOCKS = YES;
				GCC_OPTIMIZATION_LEVEL = 0;
				GCC_PREPROCESSOR_DEFINITIONS = (
					"DEBUG=1",
					"$(inherited)",
				);
				GCC_WARN_64_TO_32_BIT_CONVERSION = YES;
				GCC_WARN_ABOUT_RETURN_TYPE = YES_ERROR;
				GCC_WARN_UNDECLARED_SELECTOR = YES;
				GCC_WARN_UNINITIALIZED_AUTOS = YES_AGGRESSIVE;
				GCC_WARN_UNUSED_FUNCTION = YES;
				GCC_WARN_UNUSED_VARIABLE = YES;
				IPHONEOS_DEPLOYMENT_TARGET = 13.2;
				MTL_ENABLE_DEBUG_INFO = INCLUDE_SOURCE;
				MTL_FAST_MATH = YES;
				ONLY_ACTIVE_ARCH = YES;
				SDKROOT = iphoneos;
				SWIFT_ACTIVE_COMPILATION_CONDITIONS = DEBUG;
				SWIFT_OPTIMIZATION_LEVEL = "-Onone";
			};
			name = Debug;
		};
		8607A6C623FEF68100A83498 /* Release */ = {
			isa = XCBuildConfiguration;
			buildSettings = {
				ALWAYS_SEARCH_USER_PATHS = NO;
				CLANG_ANALYZER_NONNULL = YES;
				CLANG_ANALYZER_NUMBER_OBJECT_CONVERSION = YES_AGGRESSIVE;
				CLANG_CXX_LANGUAGE_STANDARD = "gnu++14";
				CLANG_CXX_LIBRARY = "libc++";
				CLANG_ENABLE_MODULES = YES;
				CLANG_ENABLE_OBJC_ARC = YES;
				CLANG_ENABLE_OBJC_WEAK = YES;
				CLANG_WARN_BLOCK_CAPTURE_AUTORELEASING = YES;
				CLANG_WARN_BOOL_CONVERSION = YES;
				CLANG_WARN_COMMA = YES;
				CLANG_WARN_CONSTANT_CONVERSION = YES;
				CLANG_WARN_DEPRECATED_OBJC_IMPLEMENTATIONS = YES;
				CLANG_WARN_DIRECT_OBJC_ISA_USAGE = YES_ERROR;
				CLANG_WARN_DOCUMENTATION_COMMENTS = YES;
				CLANG_WARN_EMPTY_BODY = YES;
				CLANG_WARN_ENUM_CONVERSION = YES;
				CLANG_WARN_INFINITE_RECURSION = YES;
				CLANG_WARN_INT_CONVERSION = YES;
				CLANG_WARN_NON_LITERAL_NULL_CONVERSION = YES;
				CLANG_WARN_OBJC_IMPLICIT_RETAIN_SELF = YES;
				CLANG_WARN_OBJC_LITERAL_CONVERSION = YES;
				CLANG_WARN_OBJC_ROOT_CLASS = YES_ERROR;
				CLANG_WARN_RANGE_LOOP_ANALYSIS = YES;
				CLANG_WARN_STRICT_PROTOTYPES = YES;
				CLANG_WARN_SUSPICIOUS_MOVE = YES;
				CLANG_WARN_UNGUARDED_AVAILABILITY = YES_AGGRESSIVE;
				CLANG_WARN_UNREACHABLE_CODE = YES;
				CLANG_WARN__DUPLICATE_METHOD_MATCH = YES;
				COPY_PHASE_STRIP = NO;
				DEBUG_INFORMATION_FORMAT = "dwarf-with-dsym";
				ENABLE_NS_ASSERTIONS = NO;
				ENABLE_STRICT_OBJC_MSGSEND = YES;
				GCC_C_LANGUAGE_STANDARD = gnu11;
				GCC_NO_COMMON_BLOCKS = YES;
				GCC_WARN_64_TO_32_BIT_CONVERSION = YES;
				GCC_WARN_ABOUT_RETURN_TYPE = YES_ERROR;
				GCC_WARN_UNDECLARED_SELECTOR = YES;
				GCC_WARN_UNINITIALIZED_AUTOS = YES_AGGRESSIVE;
				GCC_WARN_UNUSED_FUNCTION = YES;
				GCC_WARN_UNUSED_VARIABLE = YES;
				IPHONEOS_DEPLOYMENT_TARGET = 13.2;
				MTL_ENABLE_DEBUG_INFO = NO;
				MTL_FAST_MATH = YES;
				SDKROOT = iphoneos;
				SWIFT_COMPILATION_MODE = wholemodule;
				SWIFT_OPTIMIZATION_LEVEL = "-O";
				VALIDATE_PRODUCT = YES;
			};
			name = Release;
		};
		8607A6C823FEF68100A83498 /* Debug */ = {
			isa = XCBuildConfiguration;
			buildSettings = {
				ASSETCATALOG_COMPILER_APPICON_NAME = AppIcon;
				CODE_SIGN_STYLE = Automatic;
				INFOPLIST_FILE = Instagram/Info.plist;
				LD_RUNPATH_SEARCH_PATHS = (
					"$(inherited)",
					"@executable_path/Frameworks",
				);
				PRODUCT_BUNDLE_IDENTIFIER = com.codepath.Instagram;
				PRODUCT_NAME = "$(TARGET_NAME)";
				SWIFT_VERSION = 5.0;
				TARGETED_DEVICE_FAMILY = "1,2";
			};
			name = Debug;
		};
		8607A6C923FEF68100A83498 /* Release */ = {
			isa = XCBuildConfiguration;
			buildSettings = {
				ASSETCATALOG_COMPILER_APPICON_NAME = AppIcon;
				CODE_SIGN_STYLE = Automatic;
				INFOPLIST_FILE = Instagram/Info.plist;
				LD_RUNPATH_SEARCH_PATHS = (
					"$(inherited)",
					"@executable_path/Frameworks",
				);
				PRODUCT_BUNDLE_IDENTIFIER = com.codepath.Instagram;
				PRODUCT_NAME = "$(TARGET_NAME)";
				SWIFT_VERSION = 5.0;
				TARGETED_DEVICE_FAMILY = "1,2";
			};
			name = Release;
		};
		8607A6CB23FEF68100A83498 /* Debug */ = {
			isa = XCBuildConfiguration;
			buildSettings = {
				ALWAYS_EMBED_SWIFT_STANDARD_LIBRARIES = YES;
				BUNDLE_LOADER = "$(TEST_HOST)";
				CODE_SIGN_STYLE = Automatic;
				INFOPLIST_FILE = InstagramTests/Info.plist;
				IPHONEOS_DEPLOYMENT_TARGET = 13.2;
				LD_RUNPATH_SEARCH_PATHS = (
					"$(inherited)",
					"@executable_path/Frameworks",
					"@loader_path/Frameworks",
				);
				PRODUCT_BUNDLE_IDENTIFIER = com.codepath.InstagramTests;
				PRODUCT_NAME = "$(TARGET_NAME)";
				SWIFT_VERSION = 5.0;
				TARGETED_DEVICE_FAMILY = "1,2";
				TEST_HOST = "$(BUILT_PRODUCTS_DIR)/Instagram.app/Instagram";
			};
			name = Debug;
		};
		8607A6CC23FEF68100A83498 /* Release */ = {
			isa = XCBuildConfiguration;
			buildSettings = {
				ALWAYS_EMBED_SWIFT_STANDARD_LIBRARIES = YES;
				BUNDLE_LOADER = "$(TEST_HOST)";
				CODE_SIGN_STYLE = Automatic;
				INFOPLIST_FILE = InstagramTests/Info.plist;
				IPHONEOS_DEPLOYMENT_TARGET = 13.2;
				LD_RUNPATH_SEARCH_PATHS = (
					"$(inherited)",
					"@executable_path/Frameworks",
					"@loader_path/Frameworks",
				);
				PRODUCT_BUNDLE_IDENTIFIER = com.codepath.InstagramTests;
				PRODUCT_NAME = "$(TARGET_NAME)";
				SWIFT_VERSION = 5.0;
				TARGETED_DEVICE_FAMILY = "1,2";
				TEST_HOST = "$(BUILT_PRODUCTS_DIR)/Instagram.app/Instagram";
			};
			name = Release;
		};
		8607A6CE23FEF68100A83498 /* Debug */ = {
			isa = XCBuildConfiguration;
			buildSettings = {
				ALWAYS_EMBED_SWIFT_STANDARD_LIBRARIES = YES;
				CODE_SIGN_STYLE = Automatic;
				INFOPLIST_FILE = InstagramUITests/Info.plist;
				LD_RUNPATH_SEARCH_PATHS = (
					"$(inherited)",
					"@executable_path/Frameworks",
					"@loader_path/Frameworks",
				);
				PRODUCT_BUNDLE_IDENTIFIER = com.codepath.InstagramUITests;
				PRODUCT_NAME = "$(TARGET_NAME)";
				SWIFT_VERSION = 5.0;
				TARGETED_DEVICE_FAMILY = "1,2";
				TEST_TARGET_NAME = Instagram;
			};
			name = Debug;
		};
		8607A6CF23FEF68100A83498 /* Release */ = {
			isa = XCBuildConfiguration;
			buildSettings = {
				ALWAYS_EMBED_SWIFT_STANDARD_LIBRARIES = YES;
				CODE_SIGN_STYLE = Automatic;
				INFOPLIST_FILE = InstagramUITests/Info.plist;
				LD_RUNPATH_SEARCH_PATHS = (
					"$(inherited)",
					"@executable_path/Frameworks",
					"@loader_path/Frameworks",
				);
				PRODUCT_BUNDLE_IDENTIFIER = com.codepath.InstagramUITests;
				PRODUCT_NAME = "$(TARGET_NAME)";
				SWIFT_VERSION = 5.0;
				TARGETED_DEVICE_FAMILY = "1,2";
				TEST_TARGET_NAME = Instagram;
			};
			name = Release;
		};
/* End XCBuildConfiguration section */

/* Begin XCConfigurationList section */
		8607A69823FEF67F00A83498 /* Build configuration list for PBXProject "Instagram" */ = {
			isa = XCConfigurationList;
			buildConfigurations = (
				8607A6C523FEF68100A83498 /* Debug */,
				8607A6C623FEF68100A83498 /* Release */,
			);
			defaultConfigurationIsVisible = 0;
			defaultConfigurationName = Release;
		};
		8607A6C723FEF68100A83498 /* Build configuration list for PBXNativeTarget "Instagram" */ = {
			isa = XCConfigurationList;
			buildConfigurations = (
				8607A6C823FEF68100A83498 /* Debug */,
				8607A6C923FEF68100A83498 /* Release */,
			);
			defaultConfigurationIsVisible = 0;
			defaultConfigurationName = Release;
		};
		8607A6CA23FEF68100A83498 /* Build configuration list for PBXNativeTarget "InstagramTests" */ = {
			isa = XCConfigurationList;
			buildConfigurations = (
				8607A6CB23FEF68100A83498 /* Debug */,
				8607A6CC23FEF68100A83498 /* Release */,
			);
			defaultConfigurationIsVisible = 0;
			defaultConfigurationName = Release;
		};
		8607A6CD23FEF68100A83498 /* Build configuration list for PBXNativeTarget "InstagramUITests" */ = {
			isa = XCConfigurationList;
			buildConfigurations = (
				8607A6CE23FEF68100A83498 /* Debug */,
				8607A6CF23FEF68100A83498 /* Release */,
			);
			defaultConfigurationIsVisible = 0;
			defaultConfigurationName = Release;
		};
/* End XCConfigurationList section */
	};
	rootObject = 8607A69523FEF67F00A83498 /* Project object */;
}
